// !$*UTF8*$!
{
	archiveVersion = 1;
	classes = {
	};
	objectVersion = 55;
	objects = {

/* Begin PBXBuildFile section */
		DE2F0AD226C51EA500503A8D /* LICENSE.txt in Resources */ = {isa = PBXBuildFile; fileRef = DE2F0AD126C51EA500503A8D /* LICENSE.txt */; };
		DE2F0B0526C5235A00503A8D /* .swiftlint.yml in Resources */ = {isa = PBXBuildFile; fileRef = DE2F0B0426C5235A00503A8D /* .swiftlint.yml */; };
		DE4E553B26C458DA007A41A9 /* MyBirdsClassifier4.mlmodel in Sources */ = {isa = PBXBuildFile; fileRef = DE4E553A26C458D9007A41A9 /* MyBirdsClassifier4.mlmodel */; };
		DE6B472F26C15B44000A0B75 /* BirdsModel.swift in Sources */ = {isa = PBXBuildFile; fileRef = DE6B472E26C15B44000A0B75 /* BirdsModel.swift */; };
		DE8F880626C3CBE800B491D5 /* ClassificationResultsSubject.swift in Sources */ = {isa = PBXBuildFile; fileRef = DE8F87FF26C3CBE700B491D5 /* ClassificationResultsSubject.swift */; };
		DE8F880726C3CBE800B491D5 /* ClassifySoundApp.swift in Sources */ = {isa = PBXBuildFile; fileRef = DE8F880026C3CBE700B491D5 /* ClassifySoundApp.swift */; };
		DE8F880826C3CBE800B491D5 /* SystemAudioClassifier.swift in Sources */ = {isa = PBXBuildFile; fileRef = DE8F880126C3CBE700B491D5 /* SystemAudioClassifier.swift */; };
		DE8F880926C3CBE800B491D5 /* SoundIdentifier.swift in Sources */ = {isa = PBXBuildFile; fileRef = DE8F880226C3CBE700B491D5 /* SoundIdentifier.swift */; };
		DE8F880C26C3CBE800B491D5 /* SetupMonitoredSoundsView.swift in Sources */ = {isa = PBXBuildFile; fileRef = DE8F880526C3CBE800B491D5 /* SetupMonitoredSoundsView.swift */; };
		DE8F880E26C3CC4100B491D5 /* DetectionState.swift in Sources */ = {isa = PBXBuildFile; fileRef = DE8F880D26C3CC4100B491D5 /* DetectionState.swift */; };
		DEDF71A226BE976C00B146BB /* BridDetectionSUITileApp.swift in Sources */ = {isa = PBXBuildFile; fileRef = DEDF71A126BE976C00B146BB /* BridDetectionSUITileApp.swift */; };
		DEDF71A426BE976C00B146BB /* ContentView.swift in Sources */ = {isa = PBXBuildFile; fileRef = DEDF71A326BE976C00B146BB /* ContentView.swift */; };
		DEDF71A626BE976E00B146BB /* Assets.xcassets in Resources */ = {isa = PBXBuildFile; fileRef = DEDF71A526BE976E00B146BB /* Assets.xcassets */; };
		DEDF71A926BE976E00B146BB /* Preview Assets.xcassets in Resources */ = {isa = PBXBuildFile; fileRef = DEDF71A826BE976E00B146BB /* Preview Assets.xcassets */; };
		DEDF71B026BE97A700B146BB /* DetectSoundsView.swift in Sources */ = {isa = PBXBuildFile; fileRef = DEDF71AF26BE97A700B146BB /* DetectSoundsView.swift */; };
		DEF9BBB526BFF84E0048E83D /* PredicitonDealing.swift in Sources */ = {isa = PBXBuildFile; fileRef = DEF9BBB426BFF84E0048E83D /* PredicitonDealing.swift */; };
/* End PBXBuildFile section */

/* Begin PBXFileReference section */
		DE2F0AD126C51EA500503A8D /* LICENSE.txt */ = {isa = PBXFileReference; fileEncoding = 4; lastKnownFileType = text; path = LICENSE.txt; sourceTree = "<group>"; };
		DE2F0B0426C5235A00503A8D /* .swiftlint.yml */ = {isa = PBXFileReference; fileEncoding = 4; lastKnownFileType = text.yaml; path = .swiftlint.yml; sourceTree = SOURCE_ROOT; };
		DE2F0B0626C5257900503A8D /* README.md */ = {isa = PBXFileReference; lastKnownFileType = net.daringfireball.markdown; path = README.md; sourceTree = "<group>"; };
		DE4E553A26C458D9007A41A9 /* MyBirdsClassifier4.mlmodel */ = {isa = PBXFileReference; lastKnownFileType = file.mlmodel; path = MyBirdsClassifier4.mlmodel; sourceTree = "<group>"; };
		DE6B472E26C15B44000A0B75 /* BirdsModel.swift */ = {isa = PBXFileReference; lastKnownFileType = sourcecode.swift; path = BirdsModel.swift; sourceTree = "<group>"; };
		DE8F87EA26C3C88000B491D5 /* Info.plist */ = {isa = PBXFileReference; lastKnownFileType = text.plist; path = Info.plist; sourceTree = "<group>"; };
		DE8F87FF26C3CBE700B491D5 /* ClassificationResultsSubject.swift */ = {isa = PBXFileReference; fileEncoding = 4; lastKnownFileType = sourcecode.swift; path = ClassificationResultsSubject.swift; sourceTree = "<group>"; };
		DE8F880026C3CBE700B491D5 /* ClassifySoundApp.swift */ = {isa = PBXFileReference; fileEncoding = 4; lastKnownFileType = sourcecode.swift; path = ClassifySoundApp.swift; sourceTree = "<group>"; };
		DE8F880126C3CBE700B491D5 /* SystemAudioClassifier.swift */ = {isa = PBXFileReference; fileEncoding = 4; lastKnownFileType = sourcecode.swift; path = SystemAudioClassifier.swift; sourceTree = "<group>"; };
		DE8F880226C3CBE700B491D5 /* SoundIdentifier.swift */ = {isa = PBXFileReference; fileEncoding = 4; lastKnownFileType = sourcecode.swift; path = SoundIdentifier.swift; sourceTree = "<group>"; };
		DE8F880526C3CBE800B491D5 /* SetupMonitoredSoundsView.swift */ = {isa = PBXFileReference; fileEncoding = 4; lastKnownFileType = sourcecode.swift; path = SetupMonitoredSoundsView.swift; sourceTree = "<group>"; };
		DE8F880D26C3CC4100B491D5 /* DetectionState.swift */ = {isa = PBXFileReference; fileEncoding = 4; lastKnownFileType = sourcecode.swift; path = DetectionState.swift; sourceTree = "<group>"; };
		DEC5FEDD26C28B8C003580DB /* BridDetectionSUITile.entitlements */ = {isa = PBXFileReference; lastKnownFileType = text.plist.entitlements; path = BridDetectionSUITile.entitlements; sourceTree = "<group>"; };
		DEDF719E26BE976C00B146BB /* BridDetectionSUITile.app */ = {isa = PBXFileReference; explicitFileType = wrapper.application; includeInIndex = 0; path = BridDetectionSUITile.app; sourceTree = BUILT_PRODUCTS_DIR; };
		DEDF71A126BE976C00B146BB /* BridDetectionSUITileApp.swift */ = {isa = PBXFileReference; lastKnownFileType = sourcecode.swift; path = BridDetectionSUITileApp.swift; sourceTree = "<group>"; };
		DEDF71A326BE976C00B146BB /* ContentView.swift */ = {isa = PBXFileReference; lastKnownFileType = sourcecode.swift; path = ContentView.swift; sourceTree = "<group>"; };
		DEDF71A526BE976E00B146BB /* Assets.xcassets */ = {isa = PBXFileReference; lastKnownFileType = folder.assetcatalog; path = Assets.xcassets; sourceTree = "<group>"; };
		DEDF71A826BE976E00B146BB /* Preview Assets.xcassets */ = {isa = PBXFileReference; lastKnownFileType = folder.assetcatalog; path = "Preview Assets.xcassets"; sourceTree = "<group>"; };
		DEDF71AF26BE97A700B146BB /* DetectSoundsView.swift */ = {isa = PBXFileReference; lastKnownFileType = sourcecode.swift; path = DetectSoundsView.swift; sourceTree = "<group>"; };
		DEF9BBB426BFF84E0048E83D /* PredicitonDealing.swift */ = {isa = PBXFileReference; lastKnownFileType = sourcecode.swift; path = PredicitonDealing.swift; sourceTree = "<group>"; };
/* End PBXFileReference section */

/* Begin PBXFrameworksBuildPhase section */
		DEDF719B26BE976C00B146BB /* Frameworks */ = {
			isa = PBXFrameworksBuildPhase;
			buildActionMask = 2147483647;
			files = (
			);
			runOnlyForDeploymentPostprocessing = 0;
		};
/* End PBXFrameworksBuildPhase section */

/* Begin PBXGroup section */
		DE2F0AD026C51E6800503A8D /* License */ = {
			isa = PBXGroup;
			children = (
				DE2F0AD126C51EA500503A8D /* LICENSE.txt */,
			);
			path = License;
			sourceTree = "<group>";
		};
		DE2F0AD326C5209A00503A8D /* Views */ = {
			isa = PBXGroup;
			children = (
				DEDF71A326BE976C00B146BB /* ContentView.swift */,
				DEDF71AF26BE97A700B146BB /* DetectSoundsView.swift */,
			);
			path = Views;
			sourceTree = "<group>";
		};
		DE2F0AD426C520BB00503A8D /* ML */ = {
			isa = PBXGroup;
			children = (
				DE4E553A26C458D9007A41A9 /* MyBirdsClassifier4.mlmodel */,
			);
			path = ML;
			sourceTree = "<group>";
		};
		DE8F87FE26C3CBB700B491D5 /* SysSoundClassif */ = {
			isa = PBXGroup;
			children = (
				DE2F0AD026C51E6800503A8D /* License */,
				DE8F880D26C3CC4100B491D5 /* DetectionState.swift */,
				DE8F87FF26C3CBE700B491D5 /* ClassificationResultsSubject.swift */,
				DE8F880026C3CBE700B491D5 /* ClassifySoundApp.swift */,
				DE8F880526C3CBE800B491D5 /* SetupMonitoredSoundsView.swift */,
				DE8F880226C3CBE700B491D5 /* SoundIdentifier.swift */,
				DE8F880126C3CBE700B491D5 /* SystemAudioClassifier.swift */,
			);
			path = SysSoundClassif;
			sourceTree = "<group>";
		};
		DEDF719526BE976C00B146BB = {
			isa = PBXGroup;
			children = (
				DEDF71A026BE976C00B146BB /* BridDetectionSUITile */,
				DEDF719F26BE976C00B146BB /* Products */,
			);
			sourceTree = "<group>";
		};
		DEDF719F26BE976C00B146BB /* Products */ = {
			isa = PBXGroup;
			children = (
				DEDF719E26BE976C00B146BB /* BridDetectionSUITile.app */,
			);
			name = Products;
			sourceTree = "<group>";
		};
		DEDF71A026BE976C00B146BB /* BridDetectionSUITile */ = {
			isa = PBXGroup;
			children = (
				DE8F87EA26C3C88000B491D5 /* Info.plist */,
				DE2F0B0626C5257900503A8D /* README.md */,
				DE2F0B0426C5235A00503A8D /* .swiftlint.yml */,
				DEC5FEDD26C28B8C003580DB /* BridDetectionSUITile.entitlements */,
				DE2F0AD426C520BB00503A8D /* ML */,
				DE8F87FE26C3CBB700B491D5 /* SysSoundClassif */,
				DE2F0AD326C5209A00503A8D /* Views */,
				DEDF71A126BE976C00B146BB /* BridDetectionSUITileApp.swift */,
				DEF9BBB426BFF84E0048E83D /* PredicitonDealing.swift */,
				DE6B472E26C15B44000A0B75 /* BirdsModel.swift */,
				DEDF71A526BE976E00B146BB /* Assets.xcassets */,
				DEDF71A726BE976E00B146BB /* Preview Content */,
			);
			path = BridDetectionSUITile;
			sourceTree = "<group>";
		};
		DEDF71A726BE976E00B146BB /* Preview Content */ = {
			isa = PBXGroup;
			children = (
				DEDF71A826BE976E00B146BB /* Preview Assets.xcassets */,
			);
			path = "Preview Content";
			sourceTree = "<group>";
		};
/* End PBXGroup section */

/* Begin PBXNativeTarget section */
		DEDF719D26BE976C00B146BB /* BridDetectionSUITile */ = {
			isa = PBXNativeTarget;
			buildConfigurationList = DEDF71AC26BE976E00B146BB /* Build configuration list for PBXNativeTarget "BridDetectionSUITile" */;
			buildPhases = (
				DEDF719A26BE976C00B146BB /* Sources */,
				DEDF719B26BE976C00B146BB /* Frameworks */,
				DEDF719C26BE976C00B146BB /* Resources */,
				DE2F0AD626C521F300503A8D /* ShellScript */,
			);
			buildRules = (
			);
			dependencies = (
			);
			name = BridDetectionSUITile;
			productName = BridDetectionSUITile;
			productReference = DEDF719E26BE976C00B146BB /* BridDetectionSUITile.app */;
			productType = "com.apple.product-type.application";
		};
/* End PBXNativeTarget section */

/* Begin PBXProject section */
		DEDF719626BE976C00B146BB /* Project object */ = {
			isa = PBXProject;
			attributes = {
				BuildIndependentTargetsInParallel = 1;
				LastSwiftUpdateCheck = 1300;
				LastUpgradeCheck = 1300;
				TargetAttributes = {
					DEDF719D26BE976C00B146BB = {
						CreatedOnToolsVersion = 13.0;
					};
				};
			};
			buildConfigurationList = DEDF719926BE976C00B146BB /* Build configuration list for PBXProject "BridDetectionSUITile" */;
			compatibilityVersion = "Xcode 13.0";
			developmentRegion = en;
			hasScannedForEncodings = 0;
			knownRegions = (
				en,
				Base,
			);
			mainGroup = DEDF719526BE976C00B146BB;
			productRefGroup = DEDF719F26BE976C00B146BB /* Products */;
			projectDirPath = "";
			projectRoot = "";
			targets = (
				DEDF719D26BE976C00B146BB /* BridDetectionSUITile */,
			);
		};
/* End PBXProject section */

/* Begin PBXResourcesBuildPhase section */
		DEDF719C26BE976C00B146BB /* Resources */ = {
			isa = PBXResourcesBuildPhase;
			buildActionMask = 2147483647;
			files = (
				DE2F0B0526C5235A00503A8D /* .swiftlint.yml in Resources */,
				DE2F0AD226C51EA500503A8D /* LICENSE.txt in Resources */,
				DEDF71A926BE976E00B146BB /* Preview Assets.xcassets in Resources */,
				DEDF71A626BE976E00B146BB /* Assets.xcassets in Resources */,
			);
			runOnlyForDeploymentPostprocessing = 0;
		};
/* End PBXResourcesBuildPhase section */

/* Begin PBXShellScriptBuildPhase section */
		DE2F0AD626C521F300503A8D /* ShellScript */ = {
			isa = PBXShellScriptBuildPhase;
			buildActionMask = 2147483647;
			files = (
			);
			inputFileListPaths = (
			);
			inputPaths = (
			);
			outputFileListPaths = (
			);
			outputPaths = (
			);
			runOnlyForDeploymentPostprocessing = 0;
			shellPath = /bin/sh;
			shellScript = "# Type a script or drag a script file from your workspace to insert its path.\n# if which swiftlint >/dev/null; then\n# swiftlint \n# else\n#   echo \"warning: SwiftLint not installed, download from https://github.com/realm/SwiftLint\"\n# fi\n# \n";
		};
/* End PBXShellScriptBuildPhase section */

/* Begin PBXSourcesBuildPhase section */
		DEDF719A26BE976C00B146BB /* Sources */ = {
			isa = PBXSourcesBuildPhase;
			buildActionMask = 2147483647;
			files = (
				DE8F880926C3CBE800B491D5 /* SoundIdentifier.swift in Sources */,
				DE8F880826C3CBE800B491D5 /* SystemAudioClassifier.swift in Sources */,
				DE6B472F26C15B44000A0B75 /* BirdsModel.swift in Sources */,
				DE8F880626C3CBE800B491D5 /* ClassificationResultsSubject.swift in Sources */,
				DEF9BBB526BFF84E0048E83D /* PredicitonDealing.swift in Sources */,
				DE8F880726C3CBE800B491D5 /* ClassifySoundApp.swift in Sources */,
				DEDF71A426BE976C00B146BB /* ContentView.swift in Sources */,
				DE8F880C26C3CBE800B491D5 /* SetupMonitoredSoundsView.swift in Sources */,
				DEDF71B026BE97A700B146BB /* DetectSoundsView.swift in Sources */,
				DEDF71A226BE976C00B146BB /* BridDetectionSUITileApp.swift in Sources */,
				DE4E553B26C458DA007A41A9 /* MyBirdsClassifier4.mlmodel in Sources */,
				DE8F880E26C3CC4100B491D5 /* DetectionState.swift in Sources */,
			);
			runOnlyForDeploymentPostprocessing = 0;
		};
/* End PBXSourcesBuildPhase section */

/* Begin XCBuildConfiguration section */
		DEDF71AA26BE976E00B146BB /* Debug */ = {
			isa = XCBuildConfiguration;
			buildSettings = {
				ALWAYS_SEARCH_USER_PATHS = NO;
				CLANG_ANALYZER_NONNULL = YES;
				CLANG_ANALYZER_NUMBER_OBJECT_CONVERSION = YES_AGGRESSIVE;
				CLANG_CXX_LANGUAGE_STANDARD = "gnu++17";
				CLANG_CXX_LIBRARY = "libc++";
				CLANG_ENABLE_MODULES = YES;
				CLANG_ENABLE_OBJC_ARC = YES;
				CLANG_ENABLE_OBJC_WEAK = YES;
				CLANG_WARN_BLOCK_CAPTURE_AUTORELEASING = YES;
				CLANG_WARN_BOOL_CONVERSION = YES;
				CLANG_WARN_COMMA = YES;
				CLANG_WARN_CONSTANT_CONVERSION = YES;
				CLANG_WARN_DEPRECATED_OBJC_IMPLEMENTATIONS = YES;
				CLANG_WARN_DIRECT_OBJC_ISA_USAGE = YES_ERROR;
				CLANG_WARN_DOCUMENTATION_COMMENTS = YES;
				CLANG_WARN_EMPTY_BODY = YES;
				CLANG_WARN_ENUM_CONVERSION = YES;
				CLANG_WARN_INFINITE_RECURSION = YES;
				CLANG_WARN_INT_CONVERSION = YES;
				CLANG_WARN_NON_LITERAL_NULL_CONVERSION = YES;
				CLANG_WARN_OBJC_IMPLICIT_RETAIN_SELF = YES;
				CLANG_WARN_OBJC_LITERAL_CONVERSION = YES;
				CLANG_WARN_OBJC_ROOT_CLASS = YES_ERROR;
				CLANG_WARN_QUOTED_INCLUDE_IN_FRAMEWORK_HEADER = YES;
				CLANG_WARN_RANGE_LOOP_ANALYSIS = YES;
				CLANG_WARN_STRICT_PROTOTYPES = YES;
				CLANG_WARN_SUSPICIOUS_MOVE = YES;
				CLANG_WARN_UNGUARDED_AVAILABILITY = YES_AGGRESSIVE;
				CLANG_WARN_UNREACHABLE_CODE = YES;
				CLANG_WARN__DUPLICATE_METHOD_MATCH = YES;
				COPY_PHASE_STRIP = NO;
				DEBUG_INFORMATION_FORMAT = dwarf;
				ENABLE_STRICT_OBJC_MSGSEND = YES;
				ENABLE_TESTABILITY = YES;
				GCC_C_LANGUAGE_STANDARD = gnu11;
				GCC_DYNAMIC_NO_PIC = NO;
				GCC_NO_COMMON_BLOCKS = YES;
				GCC_OPTIMIZATION_LEVEL = 0;
				GCC_PREPROCESSOR_DEFINITIONS = (
					"DEBUG=1",
					"$(inherited)",
				);
				GCC_WARN_64_TO_32_BIT_CONVERSION = YES;
				GCC_WARN_ABOUT_RETURN_TYPE = YES_ERROR;
				GCC_WARN_UNDECLARED_SELECTOR = YES;
				GCC_WARN_UNINITIALIZED_AUTOS = YES_AGGRESSIVE;
				GCC_WARN_UNUSED_FUNCTION = YES;
				GCC_WARN_UNUSED_VARIABLE = YES;
				IPHONEOS_DEPLOYMENT_TARGET = 15.0;
				MTL_ENABLE_DEBUG_INFO = INCLUDE_SOURCE;
				MTL_FAST_MATH = YES;
				ONLY_ACTIVE_ARCH = YES;
				SDKROOT = iphoneos;
				SWIFT_ACTIVE_COMPILATION_CONDITIONS = DEBUG;
				SWIFT_OPTIMIZATION_LEVEL = "-Onone";
			};
			name = Debug;
		};
		DEDF71AB26BE976E00B146BB /* Release */ = {
			isa = XCBuildConfiguration;
			buildSettings = {
				ALWAYS_SEARCH_USER_PATHS = NO;
				CLANG_ANALYZER_NONNULL = YES;
				CLANG_ANALYZER_NUMBER_OBJECT_CONVERSION = YES_AGGRESSIVE;
				CLANG_CXX_LANGUAGE_STANDARD = "gnu++17";
				CLANG_CXX_LIBRARY = "libc++";
				CLANG_ENABLE_MODULES = YES;
				CLANG_ENABLE_OBJC_ARC = YES;
				CLANG_ENABLE_OBJC_WEAK = YES;
				CLANG_WARN_BLOCK_CAPTURE_AUTORELEASING = YES;
				CLANG_WARN_BOOL_CONVERSION = YES;
				CLANG_WARN_COMMA = YES;
				CLANG_WARN_CONSTANT_CONVERSION = YES;
				CLANG_WARN_DEPRECATED_OBJC_IMPLEMENTATIONS = YES;
				CLANG_WARN_DIRECT_OBJC_ISA_USAGE = YES_ERROR;
				CLANG_WARN_DOCUMENTATION_COMMENTS = YES;
				CLANG_WARN_EMPTY_BODY = YES;
				CLANG_WARN_ENUM_CONVERSION = YES;
				CLANG_WARN_INFINITE_RECURSION = YES;
				CLANG_WARN_INT_CONVERSION = YES;
				CLANG_WARN_NON_LITERAL_NULL_CONVERSION = YES;
				CLANG_WARN_OBJC_IMPLICIT_RETAIN_SELF = YES;
				CLANG_WARN_OBJC_LITERAL_CONVERSION = YES;
				CLANG_WARN_OBJC_ROOT_CLASS = YES_ERROR;
				CLANG_WARN_QUOTED_INCLUDE_IN_FRAMEWORK_HEADER = YES;
				CLANG_WARN_RANGE_LOOP_ANALYSIS = YES;
				CLANG_WARN_STRICT_PROTOTYPES = YES;
				CLANG_WARN_SUSPICIOUS_MOVE = YES;
				CLANG_WARN_UNGUARDED_AVAILABILITY = YES_AGGRESSIVE;
				CLANG_WARN_UNREACHABLE_CODE = YES;
				CLANG_WARN__DUPLICATE_METHOD_MATCH = YES;
				COPY_PHASE_STRIP = NO;
				DEBUG_INFORMATION_FORMAT = "dwarf-with-dsym";
				ENABLE_NS_ASSERTIONS = NO;
				ENABLE_STRICT_OBJC_MSGSEND = YES;
				GCC_C_LANGUAGE_STANDARD = gnu11;
				GCC_NO_COMMON_BLOCKS = YES;
				GCC_WARN_64_TO_32_BIT_CONVERSION = YES;
				GCC_WARN_ABOUT_RETURN_TYPE = YES_ERROR;
				GCC_WARN_UNDECLARED_SELECTOR = YES;
				GCC_WARN_UNINITIALIZED_AUTOS = YES_AGGRESSIVE;
				GCC_WARN_UNUSED_FUNCTION = YES;
				GCC_WARN_UNUSED_VARIABLE = YES;
				IPHONEOS_DEPLOYMENT_TARGET = 15.0;
				MTL_ENABLE_DEBUG_INFO = NO;
				MTL_FAST_MATH = YES;
				SDKROOT = iphoneos;
				SWIFT_COMPILATION_MODE = wholemodule;
				SWIFT_OPTIMIZATION_LEVEL = "-O";
				VALIDATE_PRODUCT = YES;
			};
			name = Release;
		};
		DEDF71AD26BE976E00B146BB /* Debug */ = {
			isa = XCBuildConfiguration;
			buildSettings = {
				ASSETCATALOG_COMPILER_APPICON_NAME = AppIcon;
				ASSETCATALOG_COMPILER_GLOBAL_ACCENT_COLOR_NAME = AccentColor;
				CODE_SIGN_ENTITLEMENTS = BridDetectionSUITile/BridDetectionSUITile.entitlements;
				CODE_SIGN_STYLE = Automatic;
				CURRENT_PROJECT_VERSION = 1;
				DEVELOPMENT_ASSET_PATHS = "\"BridDetectionSUITile/Preview Content\"";
				DEVELOPMENT_TEAM = 9ZBR4PY2ZY;
				ENABLE_PREVIEWS = YES;
				GENERATE_INFOPLIST_FILE = YES;
				INFOPLIST_FILE = BridDetectionSUITile/Info.plist;
				INFOPLIST_KEY_UIApplicationSceneManifest_Generation = YES;
				INFOPLIST_KEY_UIApplicationSupportsIndirectInputEvents = YES;
				INFOPLIST_KEY_UILaunchScreen_Generation = YES;
				INFOPLIST_KEY_UISupportedInterfaceOrientations_iPad = "UIInterfaceOrientationPortrait UIInterfaceOrientationPortraitUpsideDown UIInterfaceOrientationLandscapeLeft UIInterfaceOrientationLandscapeRight";
				INFOPLIST_KEY_UISupportedInterfaceOrientations_iPhone = "UIInterfaceOrientationPortrait UIInterfaceOrientationLandscapeLeft UIInterfaceOrientationLandscapeRight";
				IPHONEOS_DEPLOYMENT_TARGET = 15.0;
				LD_RUNPATH_SEARCH_PATHS = (
					"$(inherited)",
					"@executable_path/Frameworks",
				);
				MARKETING_VERSION = 1.0;
				PRODUCT_BUNDLE_IDENTIFIER = empty.BridDetectionSUITile;
				PRODUCT_NAME = "$(TARGET_NAME)";
				SUPPORTS_MACCATALYST = NO;
				SWIFT_EMIT_LOC_STRINGS = YES;
				SWIFT_VERSION = 5.0;
				TARGETED_DEVICE_FAMILY = 1;
			};
			name = Debug;
		};
		DEDF71AE26BE976E00B146BB /* Release */ = {
			isa = XCBuildConfiguration;
			buildSettings = {
				ASSETCATALOG_COMPILER_APPICON_NAME = AppIcon;
				ASSETCATALOG_COMPILER_GLOBAL_ACCENT_COLOR_NAME = AccentColor;
				CODE_SIGN_ENTITLEMENTS = BridDetectionSUITile/BridDetectionSUITile.entitlements;
				CODE_SIGN_STYLE = Automatic;
				CURRENT_PROJECT_VERSION = 1;
				DEVELOPMENT_ASSET_PATHS = "\"BridDetectionSUITile/Preview Content\"";
				DEVELOPMENT_TEAM = 9ZBR4PY2ZY;
				ENABLE_PREVIEWS = YES;
				GENERATE_INFOPLIST_FILE = YES;
				INFOPLIST_FILE = BridDetectionSUITile/Info.plist;
				INFOPLIST_KEY_UIApplicationSceneManifest_Generation = YES;
				INFOPLIST_KEY_UIApplicationSupportsIndirectInputEvents = YES;
				INFOPLIST_KEY_UILaunchScreen_Generation = YES;
				INFOPLIST_KEY_UISupportedInterfaceOrientations_iPad = "UIInterfaceOrientationPortrait UIInterfaceOrientationPortraitUpsideDown UIInterfaceOrientationLandscapeLeft UIInterfaceOrientationLandscapeRight";
				INFOPLIST_KEY_UISupportedInterfaceOrientations_iPhone = "UIInterfaceOrientationPortrait UIInterfaceOrientationLandscapeLeft UIInterfaceOrientationLandscapeRight";
				IPHONEOS_DEPLOYMENT_TARGET = 15.0;
				LD_RUNPATH_SEARCH_PATHS = (
					"$(inherited)",
					"@executable_path/Frameworks",
				);
				MARKETING_VERSION = 1.0;
				PRODUCT_BUNDLE_IDENTIFIER = empty.BridDetectionSUITile;
				PRODUCT_NAME = "$(TARGET_NAME)";
				SUPPORTS_MACCATALYST = NO;
				SWIFT_EMIT_LOC_STRINGS = YES;
				SWIFT_VERSION = 5.0;
				TARGETED_DEVICE_FAMILY = 1;
			};
			name = Release;
		};
/* End XCBuildConfiguration section */

/* Begin XCConfigurationList section */
		DEDF719926BE976C00B146BB /* Build configuration list for PBXProject "BridDetectionSUITile" */ = {
			isa = XCConfigurationList;
			buildConfigurations = (
				DEDF71AA26BE976E00B146BB /* Debug */,
				DEDF71AB26BE976E00B146BB /* Release */,
			);
			defaultConfigurationIsVisible = 0;
			defaultConfigurationName = Release;
		};
		DEDF71AC26BE976E00B146BB /* Build configuration list for PBXNativeTarget "BridDetectionSUITile" */ = {
			isa = XCConfigurationList;
			buildConfigurations = (
				DEDF71AD26BE976E00B146BB /* Debug */,
				DEDF71AE26BE976E00B146BB /* Release */,
			);
			defaultConfigurationIsVisible = 0;
			defaultConfigurationName = Release;
		};
/* End XCConfigurationList section */
	};
	rootObject = DEDF719626BE976C00B146BB /* Project object */;
}
